
Microsoft Visual Studio Solution File, Format Version 12.00
Project("{2150E333-8FDC-42A3-9474-1A3956D46DE8}") = "src", "src", "{ECB01D53-3203-4060-B35C-99B65D667A20}"
EndProject
Project("{2150E333-8FDC-42A3-9474-1A3956D46DE8}") = "test", "test", "{27660D7C-82B2-4A9F-8C4F-84C66BBE79DF}"
EndProject
Project("{FAE04EC0-301F-11D3-BF4B-00C04F79EFBC}") = "inventory", "src\inventory\inventory.csproj", "{1646421F-4B32-48FB-8DD1-26CCEC9C780F}"
EndProject
Project("{FAE04EC0-301F-11D3-BF4B-00C04F79EFBC}") = "inventory-tests", "test\inventory-tests\inventory-tests.csproj", "{2B459E97-C9D6-41E2-BDCA-90F7CBE127C6}"
EndProject
Project("{2150E333-8FDC-42A3-9474-1A3956D46DE8}") = "Items", "Items", "{528E9F01-E4EF-4E3E-ABBC-4945D46BACE2}"
EndProject
Project("{2150E333-8FDC-42A3-9474-1A3956D46DE8}") = "Suppliers", "Suppliers", "{06C1AC52-6D0A-47A3-900F-5E9AF8D83A93}"
EndProject
Project("{2150E333-8FDC-42A3-9474-1A3956D46DE8}") = "App", "App", "{ABE5723F-E509-4455-96E5-D7CFC540CC83}"
EndProject
Project("{FAE04EC0-301F-11D3-BF4B-00C04F79EFBC}") = "app", "src\App\app\app.csproj", "{FB89F934-FE93-4096-8688-658EC8835B83}"
EndProject
Project("{FAE04EC0-301F-11D3-BF4B-00C04F79EFBC}") = "ItemsService", "src\Items\ItemsService\ItemsService.csproj", "{F8F0F228-68E9-4089-8087-DA2FDEEF5190}"
EndProject
Project("{FAE04EC0-301F-11D3-BF4B-00C04F79EFBC}") = "SupplierService", "src\Suppliers\SupplierService\SupplierService.csproj", "{8203C7C1-6A04-4171-8C9B-9CFBFB1CF45C}"
EndProject
Project("{2150E333-8FDC-42A3-9474-1A3956D46DE8}") = "Common", "Common", "{7A6F7420-8F92-4279-A149-223AB3D8AA4F}"
EndProject
Project("{FAE04EC0-301F-11D3-BF4B-00C04F79EFBC}") = "Extensions", "src\Common\Extensions\Extensions.csproj", "{7EEFE989-D378-4E1A-B12B-5EE59C177AA0}"
EndProject
Project("{FAE04EC0-301F-11D3-BF4B-00C04F79EFBC}") = "MessageBroker", "src\Common\MessageBroker\MessageBroker.csproj", "{2961E3E8-A91A-4542-A2BD-A2B58ABDCF76}"
EndProject
Project("{2150E333-8FDC-42A3-9474-1A3956D46DE8}") = "Events", "Events", "{7A5C5693-2C8B-47BC-9696-29AFA2F7050B}"
EndProject
Project("{FAE04EC0-301F-11D3-BF4B-00C04F79EFBC}") = "SupplierEvents", "src\Suppliers\Events\SupplierEvents\SupplierEvents.csproj", "{84DD1843-F5A5-4A78-8F75-FC27526E4333}"
EndProject
Project("{2150E333-8FDC-42A3-9474-1A3956D46DE8}") = "Events", "Events", "{3BD4D21D-F151-4D0C-8B37-B812D840F6B3}"
EndProject
Project("{FAE04EC0-301F-11D3-BF4B-00C04F79EFBC}") = "ItemEvents", "src\Items\ItemEvents\ItemEvents.csproj", "{49332882-B970-4844-B527-03B788B82D9B}"
EndProject
Project("{2150E333-8FDC-42A3-9474-1A3956D46DE8}") = "products", "products", "{22EF4B18-5129-40A3-BBD3-222004527DAB}"
EndProject
Project("{FAE04EC0-301F-11D3-BF4B-00C04F79EFBC}") = "ProductService", "src\products\ProductService\ProductService.csproj", "{F5FD0631-9841-428D-B5C6-FEC3AF3D6198}"
EndProject
Project("{2150E333-8FDC-42A3-9474-1A3956D46DE8}") = "Events", "Events", "{3A7BCA4F-CB54-4FE5-9DAA-974B92DD1E45}"
EndProject
Global
	GlobalSection(SolutionConfigurationPlatforms) = preSolution
		Debug|Any CPU = Debug|Any CPU
		Release|Any CPU = Release|Any CPU
	EndGlobalSection
	GlobalSection(NestedProjects) = preSolution
		{1646421F-4B32-48FB-8DD1-26CCEC9C780F} = {ECB01D53-3203-4060-B35C-99B65D667A20}
		{528E9F01-E4EF-4E3E-ABBC-4945D46BACE2} = {ECB01D53-3203-4060-B35C-99B65D667A20}
		{06C1AC52-6D0A-47A3-900F-5E9AF8D83A93} = {ECB01D53-3203-4060-B35C-99B65D667A20}
		{ABE5723F-E509-4455-96E5-D7CFC540CC83} = {ECB01D53-3203-4060-B35C-99B65D667A20}
		{FB89F934-FE93-4096-8688-658EC8835B83} = {ABE5723F-E509-4455-96E5-D7CFC540CC83}
		{F8F0F228-68E9-4089-8087-DA2FDEEF5190} = {528E9F01-E4EF-4E3E-ABBC-4945D46BACE2}
		{8203C7C1-6A04-4171-8C9B-9CFBFB1CF45C} = {06C1AC52-6D0A-47A3-900F-5E9AF8D83A93}
		{7A6F7420-8F92-4279-A149-223AB3D8AA4F} = {ECB01D53-3203-4060-B35C-99B65D667A20}
		{7EEFE989-D378-4E1A-B12B-5EE59C177AA0} = {7A6F7420-8F92-4279-A149-223AB3D8AA4F}
		{2961E3E8-A91A-4542-A2BD-A2B58ABDCF76} = {7A6F7420-8F92-4279-A149-223AB3D8AA4F}
		{7A5C5693-2C8B-47BC-9696-29AFA2F7050B} = {06C1AC52-6D0A-47A3-900F-5E9AF8D83A93}
		{84DD1843-F5A5-4A78-8F75-FC27526E4333} = {7A5C5693-2C8B-47BC-9696-29AFA2F7050B}
		{3BD4D21D-F151-4D0C-8B37-B812D840F6B3} = {528E9F01-E4EF-4E3E-ABBC-4945D46BACE2}
		{49332882-B970-4844-B527-03B788B82D9B} = {3BD4D21D-F151-4D0C-8B37-B812D840F6B3}
		{22EF4B18-5129-40A3-BBD3-222004527DAB} = {ECB01D53-3203-4060-B35C-99B65D667A20}
		{F5FD0631-9841-428D-B5C6-FEC3AF3D6198} = {22EF4B18-5129-40A3-BBD3-222004527DAB}
		{3A7BCA4F-CB54-4FE5-9DAA-974B92DD1E45} = {22EF4B18-5129-40A3-BBD3-222004527DAB}
	EndGlobalSection
	GlobalSection(ProjectConfigurationPlatforms) = postSolution
		{1646421F-4B32-48FB-8DD1-26CCEC9C780F}.Debug|Any CPU.ActiveCfg = Debug|Any CPU
		{1646421F-4B32-48FB-8DD1-26CCEC9C780F}.Debug|Any CPU.Build.0 = Debug|Any CPU
		{1646421F-4B32-48FB-8DD1-26CCEC9C780F}.Release|Any CPU.ActiveCfg = Release|Any CPU
		{1646421F-4B32-48FB-8DD1-26CCEC9C780F}.Release|Any CPU.Build.0 = Release|Any CPU
		{2B459E97-C9D6-41E2-BDCA-90F7CBE127C6}.Debug|Any CPU.ActiveCfg = Debug|Any CPU
		{2B459E97-C9D6-41E2-BDCA-90F7CBE127C6}.Debug|Any CPU.Build.0 = Debug|Any CPU
		{2B459E97-C9D6-41E2-BDCA-90F7CBE127C6}.Release|Any CPU.ActiveCfg = Release|Any CPU
		{2B459E97-C9D6-41E2-BDCA-90F7CBE127C6}.Release|Any CPU.Build.0 = Release|Any CPU
		{FB89F934-FE93-4096-8688-658EC8835B83}.Debug|Any CPU.ActiveCfg = Debug|Any CPU
		{FB89F934-FE93-4096-8688-658EC8835B83}.Debug|Any CPU.Build.0 = Debug|Any CPU
		{FB89F934-FE93-4096-8688-658EC8835B83}.Release|Any CPU.ActiveCfg = Release|Any CPU
		{FB89F934-FE93-4096-8688-658EC8835B83}.Release|Any CPU.Build.0 = Release|Any CPU
		{F8F0F228-68E9-4089-8087-DA2FDEEF5190}.Debug|Any CPU.ActiveCfg = Debug|Any CPU
		{F8F0F228-68E9-4089-8087-DA2FDEEF5190}.Debug|Any CPU.Build.0 = Debug|Any CPU
		{F8F0F228-68E9-4089-8087-DA2FDEEF5190}.Release|Any CPU.ActiveCfg = Release|Any CPU
		{F8F0F228-68E9-4089-8087-DA2FDEEF5190}.Release|Any CPU.Build.0 = Release|Any CPU
		{8203C7C1-6A04-4171-8C9B-9CFBFB1CF45C}.Debug|Any CPU.ActiveCfg = Debug|Any CPU
		{8203C7C1-6A04-4171-8C9B-9CFBFB1CF45C}.Debug|Any CPU.Build.0 = Debug|Any CPU
		{8203C7C1-6A04-4171-8C9B-9CFBFB1CF45C}.Release|Any CPU.ActiveCfg = Release|Any CPU
		{8203C7C1-6A04-4171-8C9B-9CFBFB1CF45C}.Release|Any CPU.Build.0 = Release|Any CPU
		{7EEFE989-D378-4E1A-B12B-5EE59C177AA0}.Debug|Any CPU.ActiveCfg = Debug|Any CPU
		{7EEFE989-D378-4E1A-B12B-5EE59C177AA0}.Debug|Any CPU.Build.0 = Debug|Any CPU
		{7EEFE989-D378-4E1A-B12B-5EE59C177AA0}.Release|Any CPU.ActiveCfg = Release|Any CPU
		{7EEFE989-D378-4E1A-B12B-5EE59C177AA0}.Release|Any CPU.Build.0 = Release|Any CPU
		{2961E3E8-A91A-4542-A2BD-A2B58ABDCF76}.Debug|Any CPU.ActiveCfg = Debug|Any CPU
		{2961E3E8-A91A-4542-A2BD-A2B58ABDCF76}.Debug|Any CPU.Build.0 = Debug|Any CPU
		{2961E3E8-A91A-4542-A2BD-A2B58ABDCF76}.Release|Any CPU.ActiveCfg = Release|Any CPU
		{2961E3E8-A91A-4542-A2BD-A2B58ABDCF76}.Release|Any CPU.Build.0 = Release|Any CPU
		{84DD1843-F5A5-4A78-8F75-FC27526E4333}.Debug|Any CPU.ActiveCfg = Debug|Any CPU
		{84DD1843-F5A5-4A78-8F75-FC27526E4333}.Debug|Any CPU.Build.0 = Debug|Any CPU
		{84DD1843-F5A5-4A78-8F75-FC27526E4333}.Release|Any CPU.ActiveCfg = Release|Any CPU
		{84DD1843-F5A5-4A78-8F75-FC27526E4333}.Release|Any CPU.Build.0 = Release|Any CPU
		{49332882-B970-4844-B527-03B788B82D9B}.Debug|Any CPU.ActiveCfg = Debug|Any CPU
		{49332882-B970-4844-B527-03B788B82D9B}.Debug|Any CPU.Build.0 = Debug|Any CPU
		{49332882-B970-4844-B527-03B788B82D9B}.Release|Any CPU.ActiveCfg = Release|Any CPU
		{49332882-B970-4844-B527-03B788B82D9B}.Release|Any CPU.Build.0 = Release|Any CPU
		{F5FD0631-9841-428D-B5C6-FEC3AF3D6198}.Debug|Any CPU.ActiveCfg = Debug|Any CPU
		{F5FD0631-9841-428D-B5C6-FEC3AF3D6198}.Debug|Any CPU.Build.0 = Debug|Any CPU
		{F5FD0631-9841-428D-B5C6-FEC3AF3D6198}.Release|Any CPU.ActiveCfg = Release|Any CPU
		{F5FD0631-9841-428D-B5C6-FEC3AF3D6198}.Release|Any CPU.Build.0 = Release|Any CPU
	EndGlobalSection
EndGlobal
